<?xml version="1.0" encoding="utf-8"?>
<Project ToolsVersion="4.0" xmlns="http://schemas.microsoft.com/developer/msbuild/2003">
  <ItemGroup>
    <Filter Include="Teapot">
      <UniqueIdentifier>{72202BD3-5EC2-55A9-477D-69FD33BEDCF9}</UniqueIdentifier>
    </Filter>
  </ItemGroup>
  <ItemGroup>
    <ClInclude Include="src\Teapot.h" />
    <ClInclude Include="src\Teapot\Application.h">
      <Filter>Teapot</Filter>
    </ClInclude>
    <ClInclude Include="src\Teapot\Core.h">
      <Filter>Teapot</Filter>
    </ClInclude>
    <ClInclude Include="src\Teapot\EntryPoint.h">
      <Filter>Teapot</Filter>
    </ClInclude>
  </ItemGroup>
  <ItemGroup>
    <ClCompile Include="src\Teapot\Application.cpp">
      <Filter>Teapot</Filter>
    </ClCompile>
  </ItemGroup>
</Project>